// !$*UTF8*$!
{
	archiveVersion = 1;
	classes = {
	};
	objectVersion = 56;
	objects = {

/* Begin PBXBuildFile section */
		F52BF9D129A3D37A00B59AC7 /* AppDelegate.swift in Sources */ = {isa = PBXBuildFile; fileRef = F52BF9D029A3D37A00B59AC7 /* AppDelegate.swift */; };
		F52BF9D329A3D37A00B59AC7 /* SceneDelegate.swift in Sources */ = {isa = PBXBuildFile; fileRef = F52BF9D229A3D37A00B59AC7 /* SceneDelegate.swift */; };
		F52BF9D829A3D37A00B59AC7 /* Main.storyboard in Resources */ = {isa = PBXBuildFile; fileRef = F52BF9D629A3D37A00B59AC7 /* Main.storyboard */; };
		F52BF9DA29A3D37C00B59AC7 /* Assets.xcassets in Resources */ = {isa = PBXBuildFile; fileRef = F52BF9D929A3D37C00B59AC7 /* Assets.xcassets */; };
		F52BF9DD29A3D37C00B59AC7 /* LaunchScreen.storyboard in Resources */ = {isa = PBXBuildFile; fileRef = F52BF9DB29A3D37C00B59AC7 /* LaunchScreen.storyboard */; };
		F531F97E29B254B800D45F17 /* LoadingCell.xib in Resources */ = {isa = PBXBuildFile; fileRef = F531F97D29B254B800D45F17 /* LoadingCell.xib */; };
		F531F98429B2574F00D45F17 /* HotListTableViewCell.swift in Sources */ = {isa = PBXBuildFile; fileRef = F531F98329B2574F00D45F17 /* HotListTableViewCell.swift */; };
		F538386929CDDE7500718015 /* DetailViewController.swift in Sources */ = {isa = PBXBuildFile; fileRef = F538386829CDDE7500718015 /* DetailViewController.swift */; };
		F549459129B62E010091F94A /* DataLoader.swift in Sources */ = {isa = PBXBuildFile; fileRef = F549459029B62E010091F94A /* DataLoader.swift */; };
		F551240E29B2380200EFDE38 /* HotListCell.xib in Resources */ = {isa = PBXBuildFile; fileRef = F551240D29B2380200EFDE38 /* HotListCell.xib */; };
		F5992F1E29A3D631004C9FAE /* PodcastsViewController.swift in Sources */ = {isa = PBXBuildFile; fileRef = F5992F1D29A3D631004C9FAE /* PodcastsViewController.swift */; };
		F5992F2029A3D645004C9FAE /* AppsViewController.swift in Sources */ = {isa = PBXBuildFile; fileRef = F5992F1F29A3D645004C9FAE /* AppsViewController.swift */; };
		F5992F2229A3D698004C9FAE /* MusicsViewController.swift in Sources */ = {isa = PBXBuildFile; fileRef = F5992F2129A3D698004C9FAE /* MusicsViewController.swift */; };
		F5992F2429A3D6A5004C9FAE /* BooksViewController.swift in Sources */ = {isa = PBXBuildFile; fileRef = F5992F2329A3D6A5004C9FAE /* BooksViewController.swift */; };
		F5992F2629A3D6C9004C9FAE /* AudiobooksViewController.swift in Sources */ = {isa = PBXBuildFile; fileRef = F5992F2529A3D6C9004C9FAE /* AudiobooksViewController.swift */; };
		F5992F2829A3DFA9004C9FAE /* DataModel.swift in Sources */ = {isa = PBXBuildFile; fileRef = F5992F2729A3DFA9004C9FAE /* DataModel.swift */; };
		F5AAEA8529CB3EC100A7D18D /* ImageLoader.swift in Sources */ = {isa = PBXBuildFile; fileRef = F5AAEA8429CB3EC100A7D18D /* ImageLoader.swift */; };
/* End PBXBuildFile section */

/* Begin PBXFileReference section */
		F52BF9CD29A3D37A00B59AC7 /* HotList-iOS.app */ = {isa = PBXFileReference; explicitFileType = wrapper.application; includeInIndex = 0; path = "HotList-iOS.app"; sourceTree = BUILT_PRODUCTS_DIR; };
		F52BF9D029A3D37A00B59AC7 /* AppDelegate.swift */ = {isa = PBXFileReference; lastKnownFileType = sourcecode.swift; path = AppDelegate.swift; sourceTree = "<group>"; };
		F52BF9D229A3D37A00B59AC7 /* SceneDelegate.swift */ = {isa = PBXFileReference; lastKnownFileType = sourcecode.swift; path = SceneDelegate.swift; sourceTree = "<group>"; };
		F52BF9D729A3D37A00B59AC7 /* Base */ = {isa = PBXFileReference; lastKnownFileType = file.storyboard; name = Base; path = Base.lproj/Main.storyboard; sourceTree = "<group>"; };
		F52BF9D929A3D37C00B59AC7 /* Assets.xcassets */ = {isa = PBXFileReference; lastKnownFileType = folder.assetcatalog; path = Assets.xcassets; sourceTree = "<group>"; };
		F52BF9DC29A3D37C00B59AC7 /* Base */ = {isa = PBXFileReference; lastKnownFileType = file.storyboard; name = Base; path = Base.lproj/LaunchScreen.storyboard; sourceTree = "<group>"; };
		F52BF9DE29A3D37C00B59AC7 /* Info.plist */ = {isa = PBXFileReference; lastKnownFileType = text.plist.xml; path = Info.plist; sourceTree = "<group>"; };
		F531F97D29B254B800D45F17 /* LoadingCell.xib */ = {isa = PBXFileReference; lastKnownFileType = file.xib; path = LoadingCell.xib; sourceTree = "<group>"; };
		F531F98329B2574F00D45F17 /* HotListTableViewCell.swift */ = {isa = PBXFileReference; lastKnownFileType = sourcecode.swift; path = HotListTableViewCell.swift; sourceTree = "<group>"; };
		F538386829CDDE7500718015 /* DetailViewController.swift */ = {isa = PBXFileReference; lastKnownFileType = sourcecode.swift; path = DetailViewController.swift; sourceTree = "<group>"; };
		F549459029B62E010091F94A /* DataLoader.swift */ = {isa = PBXFileReference; lastKnownFileType = sourcecode.swift; path = DataLoader.swift; sourceTree = "<group>"; };
		F551240D29B2380200EFDE38 /* HotListCell.xib */ = {isa = PBXFileReference; lastKnownFileType = file.xib; path = HotListCell.xib; sourceTree = "<group>"; };
		F587749C29BB11790000C26E /* NothingFoundCell.xib */ = {isa = PBXFileReference; lastKnownFileType = file.xib; path = NothingFoundCell.xib; sourceTree = "<group>"; };
		F5992F1D29A3D631004C9FAE /* PodcastsViewController.swift */ = {isa = PBXFileReference; lastKnownFileType = sourcecode.swift; path = PodcastsViewController.swift; sourceTree = "<group>"; };
		F5992F1F29A3D645004C9FAE /* AppsViewController.swift */ = {isa = PBXFileReference; lastKnownFileType = sourcecode.swift; path = AppsViewController.swift; sourceTree = "<group>"; };
		F5992F2129A3D698004C9FAE /* MusicsViewController.swift */ = {isa = PBXFileReference; fileEncoding = 4; lastKnownFileType = sourcecode.swift; path = MusicsViewController.swift; sourceTree = "<group>"; };
		F5992F2329A3D6A5004C9FAE /* BooksViewController.swift */ = {isa = PBXFileReference; lastKnownFileType = sourcecode.swift; path = BooksViewController.swift; sourceTree = "<group>"; };
		F5992F2529A3D6C9004C9FAE /* AudiobooksViewController.swift */ = {isa = PBXFileReference; lastKnownFileType = sourcecode.swift; path = AudiobooksViewController.swift; sourceTree = "<group>"; };
		F5992F2729A3DFA9004C9FAE /* DataModel.swift */ = {isa = PBXFileReference; lastKnownFileType = sourcecode.swift; path = DataModel.swift; sourceTree = "<group>"; };
		F5AAEA8429CB3EC100A7D18D /* ImageLoader.swift */ = {isa = PBXFileReference; lastKnownFileType = sourcecode.swift; path = ImageLoader.swift; sourceTree = "<group>"; };
/* End PBXFileReference section */

/* Begin PBXFrameworksBuildPhase section */
		F52BF9CA29A3D37A00B59AC7 /* Frameworks */ = {
			isa = PBXFrameworksBuildPhase;
			buildActionMask = 2147483647;
			files = (
			);
			runOnlyForDeploymentPostprocessing = 0;
		};
/* End PBXFrameworksBuildPhase section */

/* Begin PBXGroup section */
		F52BF9C429A3D37A00B59AC7 = {
			isa = PBXGroup;
			children = (
				F52BF9CF29A3D37A00B59AC7 /* HotList-iOS */,
				F52BF9CE29A3D37A00B59AC7 /* Products */,
			);
			sourceTree = "<group>";
		};
		F52BF9CE29A3D37A00B59AC7 /* Products */ = {
			isa = PBXGroup;
			children = (
				F52BF9CD29A3D37A00B59AC7 /* HotList-iOS.app */,
			);
			name = Products;
			sourceTree = "<group>";
		};
		F52BF9CF29A3D37A00B59AC7 /* HotList-iOS */ = {
			isa = PBXGroup;
			children = (
				F52BF9D029A3D37A00B59AC7 /* AppDelegate.swift */,
				F52BF9D229A3D37A00B59AC7 /* SceneDelegate.swift */,
				F5992F2729A3DFA9004C9FAE /* DataModel.swift */,
				F549459029B62E010091F94A /* DataLoader.swift */,
				F5AAEA8429CB3EC100A7D18D /* ImageLoader.swift */,
				F5992F2129A3D698004C9FAE /* MusicsViewController.swift */,
				F5992F1D29A3D631004C9FAE /* PodcastsViewController.swift */,
				F5992F1F29A3D645004C9FAE /* AppsViewController.swift */,
				F5992F2329A3D6A5004C9FAE /* BooksViewController.swift */,
				F5992F2529A3D6C9004C9FAE /* AudiobooksViewController.swift */,
				F551240D29B2380200EFDE38 /* HotListCell.xib */,
				F531F98329B2574F00D45F17 /* HotListTableViewCell.swift */,
				F531F97D29B254B800D45F17 /* LoadingCell.xib */,
				F587749C29BB11790000C26E /* NothingFoundCell.xib */,
				F52BF9D629A3D37A00B59AC7 /* Main.storyboard */,
				F538386829CDDE7500718015 /* DetailViewController.swift */,
				F52BF9DB29A3D37C00B59AC7 /* LaunchScreen.storyboard */,
				F52BF9D929A3D37C00B59AC7 /* Assets.xcassets */,
				F52BF9DE29A3D37C00B59AC7 /* Info.plist */,
			);
			path = "HotList-iOS";
			sourceTree = "<group>";
		};
/* End PBXGroup section */

/* Begin PBXNativeTarget section */
		F52BF9CC29A3D37A00B59AC7 /* HotList-iOS */ = {
			isa = PBXNativeTarget;
			buildConfigurationList = F52BF9E129A3D37C00B59AC7 /* Build configuration list for PBXNativeTarget "HotList-iOS" */;
			buildPhases = (
				F52BF9C929A3D37A00B59AC7 /* Sources */,
				F52BF9CA29A3D37A00B59AC7 /* Frameworks */,
				F52BF9CB29A3D37A00B59AC7 /* Resources */,
			);
			buildRules = (
			);
			dependencies = (
			);
			name = "HotList-iOS";
			productName = "HotList-iOS";
			productReference = F52BF9CD29A3D37A00B59AC7 /* HotList-iOS.app */;
			productType = "com.apple.product-type.application";
		};
/* End PBXNativeTarget section */

/* Begin PBXProject section */
		F52BF9C529A3D37A00B59AC7 /* Project object */ = {
			isa = PBXProject;
			attributes = {
				BuildIndependentTargetsInParallel = 1;
				LastSwiftUpdateCheck = 1410;
				LastUpgradeCheck = 1410;
				TargetAttributes = {
					F52BF9CC29A3D37A00B59AC7 = {
						CreatedOnToolsVersion = 14.1;
					};
				};
			};
			buildConfigurationList = F52BF9C829A3D37A00B59AC7 /* Build configuration list for PBXProject "HotList-iOS" */;
			compatibilityVersion = "Xcode 14.0";
			developmentRegion = en;
			hasScannedForEncodings = 0;
			knownRegions = (
				en,
				Base,
			);
			mainGroup = F52BF9C429A3D37A00B59AC7;
			productRefGroup = F52BF9CE29A3D37A00B59AC7 /* Products */;
			projectDirPath = "";
			projectRoot = "";
			targets = (
				F52BF9CC29A3D37A00B59AC7 /* HotList-iOS */,
			);
		};
/* End PBXProject section */

/* Begin PBXResourcesBuildPhase section */
		F52BF9CB29A3D37A00B59AC7 /* Resources */ = {
			isa = PBXResourcesBuildPhase;
			buildActionMask = 2147483647;
			files = (
				F531F97E29B254B800D45F17 /* LoadingCell.xib in Resources */,
				F52BF9DD29A3D37C00B59AC7 /* LaunchScreen.storyboard in Resources */,
				F551240E29B2380200EFDE38 /* HotListCell.xib in Resources */,
				F52BF9DA29A3D37C00B59AC7 /* Assets.xcassets in Resources */,
				F52BF9D829A3D37A00B59AC7 /* Main.storyboard in Resources */,
			);
			runOnlyForDeploymentPostprocessing = 0;
		};
/* End PBXResourcesBuildPhase section */

/* Begin PBXSourcesBuildPhase section */
		F52BF9C929A3D37A00B59AC7 /* Sources */ = {
			isa = PBXSourcesBuildPhase;
			buildActionMask = 2147483647;
			files = (
				F5992F2029A3D645004C9FAE /* AppsViewController.swift in Sources */,
				F549459129B62E010091F94A /* DataLoader.swift in Sources */,
				F5992F2629A3D6C9004C9FAE /* AudiobooksViewController.swift in Sources */,
				F538386929CDDE7500718015 /* DetailViewController.swift in Sources */,
				F5992F2229A3D698004C9FAE /* MusicsViewController.swift in Sources */,
				F52BF9D129A3D37A00B59AC7 /* AppDelegate.swift in Sources */,
				F5AAEA8529CB3EC100A7D18D /* ImageLoader.swift in Sources */,
				F52BF9D329A3D37A00B59AC7 /* SceneDelegate.swift in Sources */,
				F5992F2829A3DFA9004C9FAE /* DataModel.swift in Sources */,
				F5992F1E29A3D631004C9FAE /* PodcastsViewController.swift in Sources */,
				F5992F2429A3D6A5004C9FAE /* BooksViewController.swift in Sources */,
				F531F98429B2574F00D45F17 /* HotListTableViewCell.swift in Sources */,
			);
			runOnlyForDeploymentPostprocessing = 0;
		};
/* End PBXSourcesBuildPhase section */

/* Begin PBXVariantGroup section */
		F52BF9D629A3D37A00B59AC7 /* Main.storyboard */ = {
			isa = PBXVariantGroup;
			children = (
				F52BF9D729A3D37A00B59AC7 /* Base */,
			);
			name = Main.storyboard;
			sourceTree = "<group>";
		};
		F52BF9DB29A3D37C00B59AC7 /* LaunchScreen.storyboard */ = {
			isa = PBXVariantGroup;
			children = (
				F52BF9DC29A3D37C00B59AC7 /* Base */,
			);
			name = LaunchScreen.storyboard;
			sourceTree = "<group>";
		};
/* End PBXVariantGroup section */

/* Begin XCBuildConfiguration section */
		F52BF9DF29A3D37C00B59AC7 /* Debug */ = {
			isa = XCBuildConfiguration;
			buildSettings = {
				ALWAYS_SEARCH_USER_PATHS = NO;
				CLANG_ANALYZER_NONNULL = YES;
				CLANG_ANALYZER_NUMBER_OBJECT_CONVERSION = YES_AGGRESSIVE;
				CLANG_CXX_LANGUAGE_STANDARD = "gnu++20";
				CLANG_ENABLE_MODULES = YES;
				CLANG_ENABLE_OBJC_ARC = YES;
				CLANG_ENABLE_OBJC_WEAK = YES;
				CLANG_WARN_BLOCK_CAPTURE_AUTORELEASING = YES;
				CLANG_WARN_BOOL_CONVERSION = YES;
				CLANG_WARN_COMMA = YES;
				CLANG_WARN_CONSTANT_CONVERSION = YES;
				CLANG_WARN_DEPRECATED_OBJC_IMPLEMENTATIONS = YES;
				CLANG_WARN_DIRECT_OBJC_ISA_USAGE = YES_ERROR;
				CLANG_WARN_DOCUMENTATION_COMMENTS = YES;
				CLANG_WARN_EMPTY_BODY = YES;
				CLANG_WARN_ENUM_CONVERSION = YES;
				CLANG_WARN_INFINITE_RECURSION = YES;
				CLANG_WARN_INT_CONVERSION = YES;
				CLANG_WARN_NON_LITERAL_NULL_CONVERSION = YES;
				CLANG_WARN_OBJC_IMPLICIT_RETAIN_SELF = YES;
				CLANG_WARN_OBJC_LITERAL_CONVERSION = YES;
				CLANG_WARN_OBJC_ROOT_CLASS = YES_ERROR;
				CLANG_WARN_QUOTED_INCLUDE_IN_FRAMEWORK_HEADER = YES;
				CLANG_WARN_RANGE_LOOP_ANALYSIS = YES;
				CLANG_WARN_STRICT_PROTOTYPES = YES;
				CLANG_WARN_SUSPICIOUS_MOVE = YES;
				CLANG_WARN_UNGUARDED_AVAILABILITY = YES_AGGRESSIVE;
				CLANG_WARN_UNREACHABLE_CODE = YES;
				CLANG_WARN__DUPLICATE_METHOD_MATCH = YES;
				COPY_PHASE_STRIP = NO;
				DEBUG_INFORMATION_FORMAT = dwarf;
				ENABLE_STRICT_OBJC_MSGSEND = YES;
				ENABLE_TESTABILITY = YES;
				GCC_C_LANGUAGE_STANDARD = gnu11;
				GCC_DYNAMIC_NO_PIC = NO;
				GCC_NO_COMMON_BLOCKS = YES;
				GCC_OPTIMIZATION_LEVEL = 0;
				GCC_PREPROCESSOR_DEFINITIONS = (
					"DEBUG=1",
					"$(inherited)",
				);
				GCC_WARN_64_TO_32_BIT_CONVERSION = YES;
				GCC_WARN_ABOUT_RETURN_TYPE = YES_ERROR;
				GCC_WARN_UNDECLARED_SELECTOR = YES;
				GCC_WARN_UNINITIALIZED_AUTOS = YES_AGGRESSIVE;
				GCC_WARN_UNUSED_FUNCTION = YES;
				GCC_WARN_UNUSED_VARIABLE = YES;
				IPHONEOS_DEPLOYMENT_TARGET = 16.1;
				MTL_ENABLE_DEBUG_INFO = INCLUDE_SOURCE;
				MTL_FAST_MATH = YES;
				ONLY_ACTIVE_ARCH = YES;
				SDKROOT = iphoneos;
				SWIFT_ACTIVE_COMPILATION_CONDITIONS = DEBUG;
				SWIFT_OPTIMIZATION_LEVEL = "-Onone";
			};
			name = Debug;
		};
		F52BF9E029A3D37C00B59AC7 /* Release */ = {
			isa = XCBuildConfiguration;
			buildSettings = {
				ALWAYS_SEARCH_USER_PATHS = NO;
				CLANG_ANALYZER_NONNULL = YES;
				CLANG_ANALYZER_NUMBER_OBJECT_CONVERSION = YES_AGGRESSIVE;
				CLANG_CXX_LANGUAGE_STANDARD = "gnu++20";
				CLANG_ENABLE_MODULES = YES;
				CLANG_ENABLE_OBJC_ARC = YES;
				CLANG_ENABLE_OBJC_WEAK = YES;
				CLANG_WARN_BLOCK_CAPTURE_AUTORELEASING = YES;
				CLANG_WARN_BOOL_CONVERSION = YES;
				CLANG_WARN_COMMA = YES;
				CLANG_WARN_CONSTANT_CONVERSION = YES;
				CLANG_WARN_DEPRECATED_OBJC_IMPLEMENTATIONS = YES;
				CLANG_WARN_DIRECT_OBJC_ISA_USAGE = YES_ERROR;
				CLANG_WARN_DOCUMENTATION_COMMENTS = YES;
				CLANG_WARN_EMPTY_BODY = YES;
				CLANG_WARN_ENUM_CONVERSION = YES;
				CLANG_WARN_INFINITE_RECURSION = YES;
				CLANG_WARN_INT_CONVERSION = YES;
				CLANG_WARN_NON_LITERAL_NULL_CONVERSION = YES;
				CLANG_WARN_OBJC_IMPLICIT_RETAIN_SELF = YES;
				CLANG_WARN_OBJC_LITERAL_CONVERSION = YES;
				CLANG_WARN_OBJC_ROOT_CLASS = YES_ERROR;
				CLANG_WARN_QUOTED_INCLUDE_IN_FRAMEWORK_HEADER = YES;
				CLANG_WARN_RANGE_LOOP_ANALYSIS = YES;
				CLANG_WARN_STRICT_PROTOTYPES = YES;
				CLANG_WARN_SUSPICIOUS_MOVE = YES;
				CLANG_WARN_UNGUARDED_AVAILABILITY = YES_AGGRESSIVE;
				CLANG_WARN_UNREACHABLE_CODE = YES;
				CLANG_WARN__DUPLICATE_METHOD_MATCH = YES;
				COPY_PHASE_STRIP = NO;
				DEBUG_INFORMATION_FORMAT = "dwarf-with-dsym";
				ENABLE_NS_ASSERTIONS = NO;
				ENABLE_STRICT_OBJC_MSGSEND = YES;
				GCC_C_LANGUAGE_STANDARD = gnu11;
				GCC_NO_COMMON_BLOCKS = YES;
				GCC_WARN_64_TO_32_BIT_CONVERSION = YES;
				GCC_WARN_ABOUT_RETURN_TYPE = YES_ERROR;
				GCC_WARN_UNDECLARED_SELECTOR = YES;
				GCC_WARN_UNINITIALIZED_AUTOS = YES_AGGRESSIVE;
				GCC_WARN_UNUSED_FUNCTION = YES;
				GCC_WARN_UNUSED_VARIABLE = YES;
				IPHONEOS_DEPLOYMENT_TARGET = 16.1;
				MTL_ENABLE_DEBUG_INFO = NO;
				MTL_FAST_MATH = YES;
				SDKROOT = iphoneos;
				SWIFT_COMPILATION_MODE = wholemodule;
				SWIFT_OPTIMIZATION_LEVEL = "-O";
				VALIDATE_PRODUCT = YES;
			};
			name = Release;
		};
		F52BF9E229A3D37C00B59AC7 /* Debug */ = {
			isa = XCBuildConfiguration;
			buildSettings = {
				ASSETCATALOG_COMPILER_APPICON_NAME = AppIcon;
				ASSETCATALOG_COMPILER_GLOBAL_ACCENT_COLOR_NAME = AccentColor;
				CODE_SIGN_STYLE = Automatic;
				CURRENT_PROJECT_VERSION = 1;
				GENERATE_INFOPLIST_FILE = YES;
				INFOPLIST_FILE = "HotList-iOS/Info.plist";
				INFOPLIST_KEY_UIApplicationSupportsIndirectInputEvents = YES;
				INFOPLIST_KEY_UILaunchStoryboardName = LaunchScreen;
				INFOPLIST_KEY_UIMainStoryboardFile = Main;
				INFOPLIST_KEY_UISupportedInterfaceOrientations_iPad = "UIInterfaceOrientationPortrait UIInterfaceOrientationPortraitUpsideDown UIInterfaceOrientationLandscapeLeft UIInterfaceOrientationLandscapeRight";
				INFOPLIST_KEY_UISupportedInterfaceOrientations_iPhone = "UIInterfaceOrientationPortrait UIInterfaceOrientationLandscapeLeft UIInterfaceOrientationLandscapeRight";
				LD_RUNPATH_SEARCH_PATHS = (
					"$(inherited)",
					"@executable_path/Frameworks",
				);
				MARKETING_VERSION = 1.0;
				PRODUCT_BUNDLE_IDENTIFIER = "com.nahomabraham.HotList-iOS";
				PRODUCT_NAME = "$(TARGET_NAME)";
				SWIFT_EMIT_LOC_STRINGS = YES;
				SWIFT_VERSION = 5.0;
				TARGETED_DEVICE_FAMILY = "1,2";
			};
			name = Debug;
		};
		F52BF9E329A3D37C00B59AC7 /* Release */ = {
			isa = XCBuildConfiguration;
			buildSettings = {
				ASSETCATALOG_COMPILER_APPICON_NAME = AppIcon;
				ASSETCATALOG_COMPILER_GLOBAL_ACCENT_COLOR_NAME = AccentColor;
				CODE_SIGN_STYLE = Automatic;
				CURRENT_PROJECT_VERSION = 1;
				GENERATE_INFOPLIST_FILE = YES;
				INFOPLIST_FILE = "HotList-iOS/Info.plist";
				INFOPLIST_KEY_UIApplicationSupportsIndirectInputEvents = YES;
				INFOPLIST_KEY_UILaunchStoryboardName = LaunchScreen;
				INFOPLIST_KEY_UIMainStoryboardFile = Main;
				INFOPLIST_KEY_UISupportedInterfaceOrientations_iPad = "UIInterfaceOrientationPortrait UIInterfaceOrientationPortraitUpsideDown UIInterfaceOrientationLandscapeLeft UIInterfaceOrientationLandscapeRight";
				INFOPLIST_KEY_UISupportedInterfaceOrientations_iPhone = "UIInterfaceOrientationPortrait UIInterfaceOrientationLandscapeLeft UIInterfaceOrientationLandscapeRight";
				LD_RUNPATH_SEARCH_PATHS = (
					"$(inherited)",
					"@executable_path/Frameworks",
				);
				MARKETING_VERSION = 1.0;
				PRODUCT_BUNDLE_IDENTIFIER = "com.nahomabraham.HotList-iOS";
				PRODUCT_NAME = "$(TARGET_NAME)";
				SWIFT_EMIT_LOC_STRINGS = YES;
				SWIFT_VERSION = 5.0;
				TARGETED_DEVICE_FAMILY = "1,2";
			};
			name = Release;
		};
/* End XCBuildConfiguration section */

/* Begin XCConfigurationList section */
		F52BF9C829A3D37A00B59AC7 /* Build configuration list for PBXProject "HotList-iOS" */ = {
			isa = XCConfigurationList;
			buildConfigurations = (
				F52BF9DF29A3D37C00B59AC7 /* Debug */,
				F52BF9E029A3D37C00B59AC7 /* Release */,
			);
			defaultConfigurationIsVisible = 0;
			defaultConfigurationName = Release;
		};
		F52BF9E129A3D37C00B59AC7 /* Build configuration list for PBXNativeTarget "HotList-iOS" */ = {
			isa = XCConfigurationList;
			buildConfigurations = (
				F52BF9E229A3D37C00B59AC7 /* Debug */,
				F52BF9E329A3D37C00B59AC7 /* Release */,
			);
			defaultConfigurationIsVisible = 0;
			defaultConfigurationName = Release;
		};
/* End XCConfigurationList section */
	};
	rootObject = F52BF9C529A3D37A00B59AC7 /* Project object */;
}
